
Microsoft Visual Studio Solution File, Format Version 12.00
# Visual Studio Version 17
VisualStudioVersion = 17.7.34221.43
MinimumVisualStudioVersion = 10.0.40219.1
Project("{9A19103F-16F7-4668-BE54-9A1E7A4F7556}") = "SistemaOrcamentario", "SistemaOrcamentario.csproj", "{D3648B22-59B4-4A35-AD5A-DF04690DC9C1}"
EndProject
Global
	GlobalSection(SolutionConfigurationPlatforms) = preSolution
		Debug|Any CPU = Debug|Any CPU
		Release|Any CPU = Release|Any CPU
	EndGlobalSection
	GlobalSection(ProjectConfigurationPlatforms) = postSolution
		{D3648B22-59B4-4A35-AD5A-DF04690DC9C1}.Debug|Any CPU.ActiveCfg = Debug|Any CPU
		{D3648B22-59B4-4A35-AD5A-DF04690DC9C1}.Debug|Any CPU.Build.0 = Debug|Any CPU
		{D3648B22-59B4-4A35-AD5A-DF04690DC9C1}.Release|Any CPU.ActiveCfg = Release|Any CPU
		{D3648B22-59B4-4A35-AD5A-DF04690DC9C1}.Release|Any CPU.Build.0 = Release|Any CPU
	EndGlobalSection
	GlobalSection(SolutionProperties) = preSolution
		HideSolutionNode = FALSE
	EndGlobalSection
	GlobalSection(ExtensibilityGlobals) = postSolution
		SolutionGuid = {3009C9BF-B053-4633-8B60-95C3A3EB30F1}
	EndGlobalSection
EndGlobal
